
Microsoft Visual Studio Solution File, Format Version 12.00
# Visual Studio Version 17
VisualStudioVersion = 17.3.32901.215
MinimumVisualStudioVersion = 10.0.40219.1
Project("{FAE04EC0-301F-11D3-BF4B-00C04F79EFBC}") = "AM.UI.Console", "AM.UI.Console\AM.UI.Console.csproj", "{F6190780-55A0-4393-82D3-13DAD7FB736D}"
EndProject
Project("{FAE04EC0-301F-11D3-BF4B-00C04F79EFBC}") = "AM.ApplicationCore", "AM.ApplicationCore\AM.ApplicationCore.csproj", "{457FE65B-2F67-4AD0-9D3E-7188D085E3C6}"
EndProject
Global
	GlobalSection(SolutionConfigurationPlatforms) = preSolution
		Debug|Any CPU = Debug|Any CPU
		Release|Any CPU = Release|Any CPU
	EndGlobalSection
	GlobalSection(ProjectConfigurationPlatforms) = postSolution
		{F6190780-55A0-4393-82D3-13DAD7FB736D}.Debug|Any CPU.ActiveCfg = Debug|Any CPU
		{F6190780-55A0-4393-82D3-13DAD7FB736D}.Debug|Any CPU.Build.0 = Debug|Any CPU
		{F6190780-55A0-4393-82D3-13DAD7FB736D}.Release|Any CPU.ActiveCfg = Release|Any CPU
		{F6190780-55A0-4393-82D3-13DAD7FB736D}.Release|Any CPU.Build.0 = Release|Any CPU
		{457FE65B-2F67-4AD0-9D3E-7188D085E3C6}.Debug|Any CPU.ActiveCfg = Debug|Any CPU
		{457FE65B-2F67-4AD0-9D3E-7188D085E3C6}.Debug|Any CPU.Build.0 = Debug|Any CPU
		{457FE65B-2F67-4AD0-9D3E-7188D085E3C6}.Release|Any CPU.ActiveCfg = Release|Any CPU
		{457FE65B-2F67-4AD0-9D3E-7188D085E3C6}.Release|Any CPU.Build.0 = Release|Any CPU
	EndGlobalSection
	GlobalSection(SolutionProperties) = preSolution
		HideSolutionNode = FALSE
	EndGlobalSection
	GlobalSection(ExtensibilityGlobals) = postSolution
		SolutionGuid = {1EA0E88D-8FC9-4569-B15D-94EA21DF55D0}
	EndGlobalSection
EndGlobal
